
Microsoft Visual Studio Solution File, Format Version 12.00
# Visual Studio Version 17
VisualStudioVersion = 17.14.36915.13
MinimumVisualStudioVersion = 10.0.40219.1
Project("{2150E333-8FDC-42A3-9474-1A3956D46DE8}") = "src", "src", "{827E0CD3-B72D-47B6-A68D-7590B98EB39B}"
EndProject
Project("{FAE04EC0-301F-11D3-BF4B-00C04F79EFBC}") = "DynamicsAI.Domain", "src\DynamicsAI.Domain\DynamicsAI.Domain.csproj", "{E367C734-E69A-42B7-BBFC-1C58A1BF353E}"
EndProject
Project("{FAE04EC0-301F-11D3-BF4B-00C04F79EFBC}") = "DynamicsAI.Application", "src\DynamicsAI.Application\DynamicsAI.Application.csproj", "{27D0E636-6327-4F88-8093-2FCB89CFFA90}"
EndProject
Project("{FAE04EC0-301F-11D3-BF4B-00C04F79EFBC}") = "DynamicsAI.Infrastructure", "src\DynamicsAI.Infrastructure\DynamicsAI.Infrastructure.csproj", "{A6A7ECB7-5449-4A17-9401-3BBDD80799B5}"
EndProject
Project("{FAE04EC0-301F-11D3-BF4B-00C04F79EFBC}") = "DynamicsAI.McpServer", "src\DynamicsAI.McpServer\DynamicsAI.McpServer.csproj", "{6A0B10F5-6950-4F7A-83DA-E98DEB9FF54F}"
EndProject
Project("{2150E333-8FDC-42A3-9474-1A3956D46DE8}") = "tests", "tests", "{0AB3BF05-4346-4AA6-1389-037BE0695223}"
EndProject
Project("{FAE04EC0-301F-11D3-BF4B-00C04F79EFBC}") = "DynamicsAI.Tests", "tests\DynamicsAI.Tests\DynamicsAI.Tests.csproj", "{3C70BF7A-1B1B-4260-B5C8-3AAF80C9938E}"
EndProject
Project("{FAE04EC0-301F-11D3-BF4B-00C04F79EFBC}") = "DynamicsAI.GatewayApi", "src\DynamicsAI.GatewayApi\DynamicsAI.GatewayApi.csproj", "{F1CE5C94-A39C-44FF-9798-DEF461F96165}"
EndProject
Global
	GlobalSection(SolutionConfigurationPlatforms) = preSolution
		Debug|Any CPU = Debug|Any CPU
		Debug|x64 = Debug|x64
		Debug|x86 = Debug|x86
		Release|Any CPU = Release|Any CPU
		Release|x64 = Release|x64
		Release|x86 = Release|x86
	EndGlobalSection
	GlobalSection(ProjectConfigurationPlatforms) = postSolution
		{E367C734-E69A-42B7-BBFC-1C58A1BF353E}.Debug|Any CPU.ActiveCfg = Debug|Any CPU
		{E367C734-E69A-42B7-BBFC-1C58A1BF353E}.Debug|Any CPU.Build.0 = Debug|Any CPU
		{E367C734-E69A-42B7-BBFC-1C58A1BF353E}.Debug|x64.ActiveCfg = Debug|Any CPU
		{E367C734-E69A-42B7-BBFC-1C58A1BF353E}.Debug|x64.Build.0 = Debug|Any CPU
		{E367C734-E69A-42B7-BBFC-1C58A1BF353E}.Debug|x86.ActiveCfg = Debug|Any CPU
		{E367C734-E69A-42B7-BBFC-1C58A1BF353E}.Debug|x86.Build.0 = Debug|Any CPU
		{E367C734-E69A-42B7-BBFC-1C58A1BF353E}.Release|Any CPU.ActiveCfg = Release|Any CPU
		{E367C734-E69A-42B7-BBFC-1C58A1BF353E}.Release|Any CPU.Build.0 = Release|Any CPU
		{E367C734-E69A-42B7-BBFC-1C58A1BF353E}.Release|x64.ActiveCfg = Release|Any CPU
		{E367C734-E69A-42B7-BBFC-1C58A1BF353E}.Release|x64.Build.0 = Release|Any CPU
		{E367C734-E69A-42B7-BBFC-1C58A1BF353E}.Release|x86.ActiveCfg = Release|Any CPU
		{E367C734-E69A-42B7-BBFC-1C58A1BF353E}.Release|x86.Build.0 = Release|Any CPU
		{27D0E636-6327-4F88-8093-2FCB89CFFA90}.Debug|Any CPU.ActiveCfg = Debug|Any CPU
		{27D0E636-6327-4F88-8093-2FCB89CFFA90}.Debug|Any CPU.Build.0 = Debug|Any CPU
		{27D0E636-6327-4F88-8093-2FCB89CFFA90}.Debug|x64.ActiveCfg = Debug|Any CPU
		{27D0E636-6327-4F88-8093-2FCB89CFFA90}.Debug|x64.Build.0 = Debug|Any CPU
		{27D0E636-6327-4F88-8093-2FCB89CFFA90}.Debug|x86.ActiveCfg = Debug|Any CPU
		{27D0E636-6327-4F88-8093-2FCB89CFFA90}.Debug|x86.Build.0 = Debug|Any CPU
		{27D0E636-6327-4F88-8093-2FCB89CFFA90}.Release|Any CPU.ActiveCfg = Release|Any CPU
		{27D0E636-6327-4F88-8093-2FCB89CFFA90}.Release|Any CPU.Build.0 = Release|Any CPU
		{27D0E636-6327-4F88-8093-2FCB89CFFA90}.Release|x64.ActiveCfg = Release|Any CPU
		{27D0E636-6327-4F88-8093-2FCB89CFFA90}.Release|x64.Build.0 = Release|Any CPU
		{27D0E636-6327-4F88-8093-2FCB89CFFA90}.Release|x86.ActiveCfg = Release|Any CPU
		{27D0E636-6327-4F88-8093-2FCB89CFFA90}.Release|x86.Build.0 = Release|Any CPU
		{A6A7ECB7-5449-4A17-9401-3BBDD80799B5}.Debug|Any CPU.ActiveCfg = Debug|Any CPU
		{A6A7ECB7-5449-4A17-9401-3BBDD80799B5}.Debug|Any CPU.Build.0 = Debug|Any CPU
		{A6A7ECB7-5449-4A17-9401-3BBDD80799B5}.Debug|x64.ActiveCfg = Debug|Any CPU
		{A6A7ECB7-5449-4A17-9401-3BBDD80799B5}.Debug|x64.Build.0 = Debug|Any CPU
		{A6A7ECB7-5449-4A17-9401-3BBDD80799B5}.Debug|x86.ActiveCfg = Debug|Any CPU
		{A6A7ECB7-5449-4A17-9401-3BBDD80799B5}.Debug|x86.Build.0 = Debug|Any CPU
		{A6A7ECB7-5449-4A17-9401-3BBDD80799B5}.Release|Any CPU.ActiveCfg = Release|Any CPU
		{A6A7ECB7-5449-4A17-9401-3BBDD80799B5}.Release|Any CPU.Build.0 = Release|Any CPU
		{A6A7ECB7-5449-4A17-9401-3BBDD80799B5}.Release|x64.ActiveCfg = Release|Any CPU
		{A6A7ECB7-5449-4A17-9401-3BBDD80799B5}.Release|x64.Build.0 = Release|Any CPU
		{A6A7ECB7-5449-4A17-9401-3BBDD80799B5}.Release|x86.ActiveCfg = Release|Any CPU
		{A6A7ECB7-5449-4A17-9401-3BBDD80799B5}.Release|x86.Build.0 = Release|Any CPU
		{6A0B10F5-6950-4F7A-83DA-E98DEB9FF54F}.Debug|Any CPU.ActiveCfg = Debug|Any CPU
		{6A0B10F5-6950-4F7A-83DA-E98DEB9FF54F}.Debug|Any CPU.Build.0 = Debug|Any CPU
		{6A0B10F5-6950-4F7A-83DA-E98DEB9FF54F}.Debug|x64.ActiveCfg = Debug|Any CPU
		{6A0B10F5-6950-4F7A-83DA-E98DEB9FF54F}.Debug|x64.Build.0 = Debug|Any CPU
		{6A0B10F5-6950-4F7A-83DA-E98DEB9FF54F}.Debug|x86.ActiveCfg = Debug|Any CPU
		{6A0B10F5-6950-4F7A-83DA-E98DEB9FF54F}.Debug|x86.Build.0 = Debug|Any CPU
		{6A0B10F5-6950-4F7A-83DA-E98DEB9FF54F}.Release|Any CPU.ActiveCfg = Release|Any CPU
		{6A0B10F5-6950-4F7A-83DA-E98DEB9FF54F}.Release|Any CPU.Build.0 = Release|Any CPU
		{6A0B10F5-6950-4F7A-83DA-E98DEB9FF54F}.Release|x64.ActiveCfg = Release|Any CPU
		{6A0B10F5-6950-4F7A-83DA-E98DEB9FF54F}.Release|x64.Build.0 = Release|Any CPU
		{6A0B10F5-6950-4F7A-83DA-E98DEB9FF54F}.Release|x86.ActiveCfg = Release|Any CPU
		{6A0B10F5-6950-4F7A-83DA-E98DEB9FF54F}.Release|x86.Build.0 = Release|Any CPU
		{3C70BF7A-1B1B-4260-B5C8-3AAF80C9938E}.Debug|Any CPU.ActiveCfg = Debug|Any CPU
		{3C70BF7A-1B1B-4260-B5C8-3AAF80C9938E}.Debug|Any CPU.Build.0 = Debug|Any CPU
		{3C70BF7A-1B1B-4260-B5C8-3AAF80C9938E}.Debug|x64.ActiveCfg = Debug|Any CPU
		{3C70BF7A-1B1B-4260-B5C8-3AAF80C9938E}.Debug|x64.Build.0 = Debug|Any CPU
		{3C70BF7A-1B1B-4260-B5C8-3AAF80C9938E}.Debug|x86.ActiveCfg = Debug|Any CPU
		{3C70BF7A-1B1B-4260-B5C8-3AAF80C9938E}.Debug|x86.Build.0 = Debug|Any CPU
		{3C70BF7A-1B1B-4260-B5C8-3AAF80C9938E}.Release|Any CPU.ActiveCfg = Release|Any CPU
		{3C70BF7A-1B1B-4260-B5C8-3AAF80C9938E}.Release|Any CPU.Build.0 = Release|Any CPU
		{3C70BF7A-1B1B-4260-B5C8-3AAF80C9938E}.Release|x64.ActiveCfg = Release|Any CPU
		{3C70BF7A-1B1B-4260-B5C8-3AAF80C9938E}.Release|x64.Build.0 = Release|Any CPU
		{3C70BF7A-1B1B-4260-B5C8-3AAF80C9938E}.Release|x86.ActiveCfg = Release|Any CPU
		{3C70BF7A-1B1B-4260-B5C8-3AAF80C9938E}.Release|x86.Build.0 = Release|Any CPU
		{F1CE5C94-A39C-44FF-9798-DEF461F96165}.Debug|Any CPU.ActiveCfg = Debug|Any CPU
		{F1CE5C94-A39C-44FF-9798-DEF461F96165}.Debug|Any CPU.Build.0 = Debug|Any CPU
		{F1CE5C94-A39C-44FF-9798-DEF461F96165}.Debug|x64.ActiveCfg = Debug|Any CPU
		{F1CE5C94-A39C-44FF-9798-DEF461F96165}.Debug|x64.Build.0 = Debug|Any CPU
		{F1CE5C94-A39C-44FF-9798-DEF461F96165}.Debug|x86.ActiveCfg = Debug|Any CPU
		{F1CE5C94-A39C-44FF-9798-DEF461F96165}.Debug|x86.Build.0 = Debug|Any CPU
		{F1CE5C94-A39C-44FF-9798-DEF461F96165}.Release|Any CPU.ActiveCfg = Release|Any CPU
		{F1CE5C94-A39C-44FF-9798-DEF461F96165}.Release|Any CPU.Build.0 = Release|Any CPU
		{F1CE5C94-A39C-44FF-9798-DEF461F96165}.Release|x64.ActiveCfg = Release|Any CPU
		{F1CE5C94-A39C-44FF-9798-DEF461F96165}.Release|x64.Build.0 = Release|Any CPU
		{F1CE5C94-A39C-44FF-9798-DEF461F96165}.Release|x86.ActiveCfg = Release|Any CPU
		{F1CE5C94-A39C-44FF-9798-DEF461F96165}.Release|x86.Build.0 = Release|Any CPU
	EndGlobalSection
	GlobalSection(SolutionProperties) = preSolution
		HideSolutionNode = FALSE
	EndGlobalSection
	GlobalSection(NestedProjects) = preSolution
		{E367C734-E69A-42B7-BBFC-1C58A1BF353E} = {827E0CD3-B72D-47B6-A68D-7590B98EB39B}
		{27D0E636-6327-4F88-8093-2FCB89CFFA90} = {827E0CD3-B72D-47B6-A68D-7590B98EB39B}
		{A6A7ECB7-5449-4A17-9401-3BBDD80799B5} = {827E0CD3-B72D-47B6-A68D-7590B98EB39B}
		{6A0B10F5-6950-4F7A-83DA-E98DEB9FF54F} = {827E0CD3-B72D-47B6-A68D-7590B98EB39B}
		{3C70BF7A-1B1B-4260-B5C8-3AAF80C9938E} = {0AB3BF05-4346-4AA6-1389-037BE0695223}
		{F1CE5C94-A39C-44FF-9798-DEF461F96165} = {827E0CD3-B72D-47B6-A68D-7590B98EB39B}
	EndGlobalSection
	GlobalSection(ExtensibilityGlobals) = postSolution
		SolutionGuid = {33D51166-2E37-4121-9A6A-D67C34BE1547}
	EndGlobalSection
EndGlobal
